
Microsoft Visual Studio Solution File, Format Version 12.00
# Visual Studio 2012
Project("{FAE04EC0-301F-11D3-BF4B-00C04F79EFBC}") = "PostBoard.Web", "PostBoard.Web\PostBoard.Web.csproj", "{1B55AA88-8AF2-455C-A48B-B3E09164E87E}"
EndProject
Project("{FAE04EC0-301F-11D3-BF4B-00C04F79EFBC}") = "PostBoard.Services", "PostBoard.Services\PostBoard.Services.csproj", "{208DC00E-503D-4264-95F5-06A90E33A274}"
EndProject
Project("{FAE04EC0-301F-11D3-BF4B-00C04F79EFBC}") = "PostBoard.Framework", "PostBoard.Framework\PostBoard.Framework.csproj", "{07744AD2-BF17-4728-90AA-6B2B268F0A25}"
EndProject
Project("{FAE04EC0-301F-11D3-BF4B-00C04F79EFBC}") = "PostBoard.Test", "PostBoard.Test\PostBoard.Test.csproj", "{8F3B1068-A061-445B-A2CD-F3CF018D408E}"
EndProject
Project("{FAE04EC0-301F-11D3-BF4B-00C04F79EFBC}") = "PostBoard.Data", "PostBoard.Data\PostBoard.Data.csproj", "{E13150F5-67C5-4E79-9160-CEAD6AC14890}"
EndProject
Global
	GlobalSection(SolutionConfigurationPlatforms) = preSolution
		Debug|Any CPU = Debug|Any CPU
		Release|Any CPU = Release|Any CPU
	EndGlobalSection
	GlobalSection(ProjectConfigurationPlatforms) = postSolution
		{1B55AA88-8AF2-455C-A48B-B3E09164E87E}.Debug|Any CPU.ActiveCfg = Debug|Any CPU
		{1B55AA88-8AF2-455C-A48B-B3E09164E87E}.Debug|Any CPU.Build.0 = Debug|Any CPU
		{1B55AA88-8AF2-455C-A48B-B3E09164E87E}.Release|Any CPU.ActiveCfg = Release|Any CPU
		{1B55AA88-8AF2-455C-A48B-B3E09164E87E}.Release|Any CPU.Build.0 = Release|Any CPU
		{208DC00E-503D-4264-95F5-06A90E33A274}.Debug|Any CPU.ActiveCfg = Debug|Any CPU
		{208DC00E-503D-4264-95F5-06A90E33A274}.Debug|Any CPU.Build.0 = Debug|Any CPU
		{208DC00E-503D-4264-95F5-06A90E33A274}.Release|Any CPU.ActiveCfg = Release|Any CPU
		{208DC00E-503D-4264-95F5-06A90E33A274}.Release|Any CPU.Build.0 = Release|Any CPU
		{07744AD2-BF17-4728-90AA-6B2B268F0A25}.Debug|Any CPU.ActiveCfg = Debug|Any CPU
		{07744AD2-BF17-4728-90AA-6B2B268F0A25}.Debug|Any CPU.Build.0 = Debug|Any CPU
		{07744AD2-BF17-4728-90AA-6B2B268F0A25}.Release|Any CPU.ActiveCfg = Release|Any CPU
		{07744AD2-BF17-4728-90AA-6B2B268F0A25}.Release|Any CPU.Build.0 = Release|Any CPU
		{8F3B1068-A061-445B-A2CD-F3CF018D408E}.Debug|Any CPU.ActiveCfg = Debug|Any CPU
		{8F3B1068-A061-445B-A2CD-F3CF018D408E}.Debug|Any CPU.Build.0 = Debug|Any CPU
		{8F3B1068-A061-445B-A2CD-F3CF018D408E}.Release|Any CPU.ActiveCfg = Release|Any CPU
		{8F3B1068-A061-445B-A2CD-F3CF018D408E}.Release|Any CPU.Build.0 = Release|Any CPU
		{E13150F5-67C5-4E79-9160-CEAD6AC14890}.Debug|Any CPU.ActiveCfg = Debug|Any CPU
		{E13150F5-67C5-4E79-9160-CEAD6AC14890}.Debug|Any CPU.Build.0 = Debug|Any CPU
		{E13150F5-67C5-4E79-9160-CEAD6AC14890}.Release|Any CPU.ActiveCfg = Release|Any CPU
		{E13150F5-67C5-4E79-9160-CEAD6AC14890}.Release|Any CPU.Build.0 = Release|Any CPU
	EndGlobalSection
	GlobalSection(SolutionProperties) = preSolution
		HideSolutionNode = FALSE
	EndGlobalSection
EndGlobal
